
Microsoft Visual Studio Solution File, Format Version 12.00
# Visual Studio 14
VisualStudioVersion = 14.0.25420.1
MinimumVisualStudioVersion = 10.0.40219.1
Project("{FAE04EC0-301F-11D3-BF4B-00C04F79EFBC}") = "ToolCusTomImage", "ToolCusTomImage\ToolCusTomImage.csproj", "{AFCEB9F8-E6AD-4FBA-AD54-125D788FF741}"
	ProjectSection(ProjectDependencies) = postProject
		{96D30BB8-9F73-4292-98D1-953BDF7C8D51} = {96D30BB8-9F73-4292-98D1-953BDF7C8D51}
	EndProjectSection
EndProject
Project("{FAE04EC0-301F-11D3-BF4B-00C04F79EFBC}") = "MyLib", "MyLib\MyLib.csproj", "{96D30BB8-9F73-4292-98D1-953BDF7C8D51}"
EndProject
Project("{FAE04EC0-301F-11D3-BF4B-00C04F79EFBC}") = "WooCommerceNET", "WooCommerceAPI.Net\WooCommerceNET.csproj", "{309CB276-7CE9-4F5E-B8E8-B59179C93984}"
EndProject
Global
	GlobalSection(SolutionConfigurationPlatforms) = preSolution
		Debug|Any CPU = Debug|Any CPU
		Release|Any CPU = Release|Any CPU
	EndGlobalSection
	GlobalSection(ProjectConfigurationPlatforms) = postSolution
		{AFCEB9F8-E6AD-4FBA-AD54-125D788FF741}.Debug|Any CPU.ActiveCfg = Debug|Any CPU
		{AFCEB9F8-E6AD-4FBA-AD54-125D788FF741}.Debug|Any CPU.Build.0 = Debug|Any CPU
		{AFCEB9F8-E6AD-4FBA-AD54-125D788FF741}.Release|Any CPU.ActiveCfg = Release|Any CPU
		{AFCEB9F8-E6AD-4FBA-AD54-125D788FF741}.Release|Any CPU.Build.0 = Release|Any CPU
		{96D30BB8-9F73-4292-98D1-953BDF7C8D51}.Debug|Any CPU.ActiveCfg = Debug|Any CPU
		{96D30BB8-9F73-4292-98D1-953BDF7C8D51}.Debug|Any CPU.Build.0 = Debug|Any CPU
		{96D30BB8-9F73-4292-98D1-953BDF7C8D51}.Release|Any CPU.ActiveCfg = Release|Any CPU
		{96D30BB8-9F73-4292-98D1-953BDF7C8D51}.Release|Any CPU.Build.0 = Release|Any CPU
		{309CB276-7CE9-4F5E-B8E8-B59179C93984}.Debug|Any CPU.ActiveCfg = Debug|Any CPU
		{309CB276-7CE9-4F5E-B8E8-B59179C93984}.Debug|Any CPU.Build.0 = Debug|Any CPU
		{309CB276-7CE9-4F5E-B8E8-B59179C93984}.Release|Any CPU.ActiveCfg = Release|Any CPU
		{309CB276-7CE9-4F5E-B8E8-B59179C93984}.Release|Any CPU.Build.0 = Release|Any CPU
	EndGlobalSection
	GlobalSection(SolutionProperties) = preSolution
		HideSolutionNode = FALSE
	EndGlobalSection
EndGlobal
